// !$*UTF8*$!
{
	archiveVersion = 1;
	classes = {
	};
	objectVersion = 50;
	objects = {

/* Begin PBXBuildFile section */
		1234403E501D5434BF47652F /* libPods-CFPicGameTests.a in Frameworks */ = {isa = PBXBuildFile; fileRef = 0DFE5E7A665AFEBAECBDC15F /* libPods-CFPicGameTests.a */; };
		3389D0EA93C3ED87397A8350 /* libPods-CFPicGameUITests.a in Frameworks */ = {isa = PBXBuildFile; fileRef = 42A4576D4253CE3F16C41D28 /* libPods-CFPicGameUITests.a */; };
		7419AEEA20EF051F004CB0AD /* AppDelegate.m in Sources */ = {isa = PBXBuildFile; fileRef = 7419AEE920EF051F004CB0AD /* AppDelegate.m */; };
		7419AEF020EF051F004CB0AD /* Main.storyboard in Resources */ = {isa = PBXBuildFile; fileRef = 7419AEEE20EF051F004CB0AD /* Main.storyboard */; };
		7419AEF220EF0520004CB0AD /* Assets.xcassets in Resources */ = {isa = PBXBuildFile; fileRef = 7419AEF120EF0520004CB0AD /* Assets.xcassets */; };
		7419AEF520EF0520004CB0AD /* LaunchScreen.storyboard in Resources */ = {isa = PBXBuildFile; fileRef = 7419AEF320EF0520004CB0AD /* LaunchScreen.storyboard */; };
		7419AEF820EF0520004CB0AD /* main.m in Sources */ = {isa = PBXBuildFile; fileRef = 7419AEF720EF0520004CB0AD /* main.m */; };
		7419AF0220EF0520004CB0AD /* CFPicGameTests.m in Sources */ = {isa = PBXBuildFile; fileRef = 7419AF0120EF0520004CB0AD /* CFPicGameTests.m */; };
		7419AF0D20EF0520004CB0AD /* CFPicGameUITests.m in Sources */ = {isa = PBXBuildFile; fileRef = 7419AF0C20EF0520004CB0AD /* CFPicGameUITests.m */; };
		7419AF1C20EF068C004CB0AD /* CFMainViewController.m in Sources */ = {isa = PBXBuildFile; fileRef = 7419AF1B20EF068C004CB0AD /* CFMainViewController.m */; };
		798C5A8B2D4F99437ED5B90A /* libPods-CFPicGame.a in Frameworks */ = {isa = PBXBuildFile; fileRef = 40FE644C1D7E90D76D2E44ED /* libPods-CFPicGame.a */; };
/* End PBXBuildFile section */

/* Begin PBXContainerItemProxy section */
		7419AEFE20EF0520004CB0AD /* PBXContainerItemProxy */ = {
			isa = PBXContainerItemProxy;
			containerPortal = 7419AEDD20EF051F004CB0AD /* Project object */;
			proxyType = 1;
			remoteGlobalIDString = 7419AEE420EF051F004CB0AD;
			remoteInfo = CFPicGame;
		};
		7419AF0920EF0520004CB0AD /* PBXContainerItemProxy */ = {
			isa = PBXContainerItemProxy;
			containerPortal = 7419AEDD20EF051F004CB0AD /* Project object */;
			proxyType = 1;
			remoteGlobalIDString = 7419AEE420EF051F004CB0AD;
			remoteInfo = CFPicGame;
		};
/* End PBXContainerItemProxy section */

/* Begin PBXFileReference section */
		0DFE5E7A665AFEBAECBDC15F /* libPods-CFPicGameTests.a */ = {isa = PBXFileReference; explicitFileType = archive.ar; includeInIndex = 0; path = "libPods-CFPicGameTests.a"; sourceTree = BUILT_PRODUCTS_DIR; };
		2F4D8EBDBE3B6D28511C5AC8 /* Pods-CFPicGameUITests.release.xcconfig */ = {isa = PBXFileReference; includeInIndex = 1; lastKnownFileType = text.xcconfig; name = "Pods-CFPicGameUITests.release.xcconfig"; path = "Pods/Target Support Files/Pods-CFPicGameUITests/Pods-CFPicGameUITests.release.xcconfig"; sourceTree = "<group>"; };
		3894A85F1FF50552657EC45D /* Pods-CFPicGame.debug.xcconfig */ = {isa = PBXFileReference; includeInIndex = 1; lastKnownFileType = text.xcconfig; name = "Pods-CFPicGame.debug.xcconfig"; path = "Pods/Target Support Files/Pods-CFPicGame/Pods-CFPicGame.debug.xcconfig"; sourceTree = "<group>"; };
		40FE644C1D7E90D76D2E44ED /* libPods-CFPicGame.a */ = {isa = PBXFileReference; explicitFileType = archive.ar; includeInIndex = 0; path = "libPods-CFPicGame.a"; sourceTree = BUILT_PRODUCTS_DIR; };
		42A4576D4253CE3F16C41D28 /* libPods-CFPicGameUITests.a */ = {isa = PBXFileReference; explicitFileType = archive.ar; includeInIndex = 0; path = "libPods-CFPicGameUITests.a"; sourceTree = BUILT_PRODUCTS_DIR; };
		6F605CC1DF314741C9BBE56D /* Pods-CFPicGameUITests.debug.xcconfig */ = {isa = PBXFileReference; includeInIndex = 1; lastKnownFileType = text.xcconfig; name = "Pods-CFPicGameUITests.debug.xcconfig"; path = "Pods/Target Support Files/Pods-CFPicGameUITests/Pods-CFPicGameUITests.debug.xcconfig"; sourceTree = "<group>"; };
		7419AEE520EF051F004CB0AD /* CFPicGame.app */ = {isa = PBXFileReference; explicitFileType = wrapper.application; includeInIndex = 0; path = CFPicGame.app; sourceTree = BUILT_PRODUCTS_DIR; };
		7419AEE820EF051F004CB0AD /* AppDelegate.h */ = {isa = PBXFileReference; lastKnownFileType = sourcecode.c.h; path = AppDelegate.h; sourceTree = "<group>"; };
		7419AEE920EF051F004CB0AD /* AppDelegate.m */ = {isa = PBXFileReference; lastKnownFileType = sourcecode.c.objc; path = AppDelegate.m; sourceTree = "<group>"; };
		7419AEEF20EF051F004CB0AD /* Base */ = {isa = PBXFileReference; lastKnownFileType = file.storyboard; name = Base; path = Base.lproj/Main.storyboard; sourceTree = "<group>"; };
		7419AEF120EF0520004CB0AD /* Assets.xcassets */ = {isa = PBXFileReference; lastKnownFileType = folder.assetcatalog; path = Assets.xcassets; sourceTree = "<group>"; };
		7419AEF420EF0520004CB0AD /* Base */ = {isa = PBXFileReference; lastKnownFileType = file.storyboard; name = Base; path = Base.lproj/LaunchScreen.storyboard; sourceTree = "<group>"; };
		7419AEF620EF0520004CB0AD /* Info.plist */ = {isa = PBXFileReference; lastKnownFileType = text.plist.xml; path = Info.plist; sourceTree = "<group>"; };
		7419AEF720EF0520004CB0AD /* main.m */ = {isa = PBXFileReference; lastKnownFileType = sourcecode.c.objc; path = main.m; sourceTree = "<group>"; };
		7419AEFD20EF0520004CB0AD /* CFPicGameTests.xctest */ = {isa = PBXFileReference; explicitFileType = wrapper.cfbundle; includeInIndex = 0; path = CFPicGameTests.xctest; sourceTree = BUILT_PRODUCTS_DIR; };
		7419AF0120EF0520004CB0AD /* CFPicGameTests.m */ = {isa = PBXFileReference; lastKnownFileType = sourcecode.c.objc; path = CFPicGameTests.m; sourceTree = "<group>"; };
		7419AF0320EF0520004CB0AD /* Info.plist */ = {isa = PBXFileReference; lastKnownFileType = text.plist.xml; path = Info.plist; sourceTree = "<group>"; };
		7419AF0820EF0520004CB0AD /* CFPicGameUITests.xctest */ = {isa = PBXFileReference; explicitFileType = wrapper.cfbundle; includeInIndex = 0; path = CFPicGameUITests.xctest; sourceTree = BUILT_PRODUCTS_DIR; };
		7419AF0C20EF0520004CB0AD /* CFPicGameUITests.m */ = {isa = PBXFileReference; lastKnownFileType = sourcecode.c.objc; path = CFPicGameUITests.m; sourceTree = "<group>"; };
		7419AF0E20EF0520004CB0AD /* Info.plist */ = {isa = PBXFileReference; lastKnownFileType = text.plist.xml; path = Info.plist; sourceTree = "<group>"; };
		7419AF1A20EF068C004CB0AD /* CFMainViewController.h */ = {isa = PBXFileReference; lastKnownFileType = sourcecode.c.h; path = CFMainViewController.h; sourceTree = "<group>"; };
		7419AF1B20EF068C004CB0AD /* CFMainViewController.m */ = {isa = PBXFileReference; lastKnownFileType = sourcecode.c.objc; path = CFMainViewController.m; sourceTree = "<group>"; };
		A6E11711EA07FF45EFDB4078 /* Pods-CFPicGame.release.xcconfig */ = {isa = PBXFileReference; includeInIndex = 1; lastKnownFileType = text.xcconfig; name = "Pods-CFPicGame.release.xcconfig"; path = "Pods/Target Support Files/Pods-CFPicGame/Pods-CFPicGame.release.xcconfig"; sourceTree = "<group>"; };
		AD87AF0AB8E5D184B5DF0AC1 /* Pods-CFPicGameTests.release.xcconfig */ = {isa = PBXFileReference; includeInIndex = 1; lastKnownFileType = text.xcconfig; name = "Pods-CFPicGameTests.release.xcconfig"; path = "Pods/Target Support Files/Pods-CFPicGameTests/Pods-CFPicGameTests.release.xcconfig"; sourceTree = "<group>"; };
		CD54FDCCA69DA8BE28788E7E /* Pods-CFPicGameTests.debug.xcconfig */ = {isa = PBXFileReference; includeInIndex = 1; lastKnownFileType = text.xcconfig; name = "Pods-CFPicGameTests.debug.xcconfig"; path = "Pods/Target Support Files/Pods-CFPicGameTests/Pods-CFPicGameTests.debug.xcconfig"; sourceTree = "<group>"; };
/* End PBXFileReference section */

/* Begin PBXFrameworksBuildPhase section */
		7419AEE220EF051F004CB0AD /* Frameworks */ = {
			isa = PBXFrameworksBuildPhase;
			buildActionMask = 2147483647;
			files = (
				798C5A8B2D4F99437ED5B90A /* libPods-CFPicGame.a in Frameworks */,
			);
			runOnlyForDeploymentPostprocessing = 0;
		};
		7419AEFA20EF0520004CB0AD /* Frameworks */ = {
			isa = PBXFrameworksBuildPhase;
			buildActionMask = 2147483647;
			files = (
				1234403E501D5434BF47652F /* libPods-CFPicGameTests.a in Frameworks */,
			);
			runOnlyForDeploymentPostprocessing = 0;
		};
		7419AF0520EF0520004CB0AD /* Frameworks */ = {
			isa = PBXFrameworksBuildPhase;
			buildActionMask = 2147483647;
			files = (
				3389D0EA93C3ED87397A8350 /* libPods-CFPicGameUITests.a in Frameworks */,
			);
			runOnlyForDeploymentPostprocessing = 0;
		};
/* End PBXFrameworksBuildPhase section */

/* Begin PBXGroup section */
		2CC8D067DCE020EC5F229046 /* Frameworks */ = {
			isa = PBXGroup;
			children = (
				40FE644C1D7E90D76D2E44ED /* libPods-CFPicGame.a */,
				0DFE5E7A665AFEBAECBDC15F /* libPods-CFPicGameTests.a */,
				42A4576D4253CE3F16C41D28 /* libPods-CFPicGameUITests.a */,
			);
			name = Frameworks;
			sourceTree = "<group>";
		};
		7419AEDC20EF051F004CB0AD = {
			isa = PBXGroup;
			children = (
				7419AEE720EF051F004CB0AD /* CFPicGame */,
				7419AF0020EF0520004CB0AD /* CFPicGameTests */,
				7419AF0B20EF0520004CB0AD /* CFPicGameUITests */,
				7419AEE620EF051F004CB0AD /* Products */,
				964F4F1B522ECE5643A00912 /* Pods */,
				2CC8D067DCE020EC5F229046 /* Frameworks */,
			);
			sourceTree = "<group>";
		};
		7419AEE620EF051F004CB0AD /* Products */ = {
			isa = PBXGroup;
			children = (
				7419AEE520EF051F004CB0AD /* CFPicGame.app */,
				7419AEFD20EF0520004CB0AD /* CFPicGameTests.xctest */,
				7419AF0820EF0520004CB0AD /* CFPicGameUITests.xctest */,
			);
			name = Products;
			sourceTree = "<group>";
		};
		7419AEE720EF051F004CB0AD /* CFPicGame */ = {
			isa = PBXGroup;
			children = (
				7419AEE820EF051F004CB0AD /* AppDelegate.h */,
				7419AEE920EF051F004CB0AD /* AppDelegate.m */,
				7419AF1A20EF068C004CB0AD /* CFMainViewController.h */,
				7419AF1B20EF068C004CB0AD /* CFMainViewController.m */,
				7419AEEE20EF051F004CB0AD /* Main.storyboard */,
				7419AEF120EF0520004CB0AD /* Assets.xcassets */,
				7419AEF320EF0520004CB0AD /* LaunchScreen.storyboard */,
				7419AEF620EF0520004CB0AD /* Info.plist */,
				7419AEF720EF0520004CB0AD /* main.m */,
			);
			path = CFPicGame;
			sourceTree = "<group>";
		};
		7419AF0020EF0520004CB0AD /* CFPicGameTests */ = {
			isa = PBXGroup;
			children = (
				7419AF0120EF0520004CB0AD /* CFPicGameTests.m */,
				7419AF0320EF0520004CB0AD /* Info.plist */,
			);
			path = CFPicGameTests;
			sourceTree = "<group>";
		};
		7419AF0B20EF0520004CB0AD /* CFPicGameUITests */ = {
			isa = PBXGroup;
			children = (
				7419AF0C20EF0520004CB0AD /* CFPicGameUITests.m */,
				7419AF0E20EF0520004CB0AD /* Info.plist */,
			);
			path = CFPicGameUITests;
			sourceTree = "<group>";
		};
		964F4F1B522ECE5643A00912 /* Pods */ = {
			isa = PBXGroup;
			children = (
				3894A85F1FF50552657EC45D /* Pods-CFPicGame.debug.xcconfig */,
				A6E11711EA07FF45EFDB4078 /* Pods-CFPicGame.release.xcconfig */,
				CD54FDCCA69DA8BE28788E7E /* Pods-CFPicGameTests.debug.xcconfig */,
				AD87AF0AB8E5D184B5DF0AC1 /* Pods-CFPicGameTests.release.xcconfig */,
				6F605CC1DF314741C9BBE56D /* Pods-CFPicGameUITests.debug.xcconfig */,
				2F4D8EBDBE3B6D28511C5AC8 /* Pods-CFPicGameUITests.release.xcconfig */,
			);
			name = Pods;
			sourceTree = "<group>";
		};
/* End PBXGroup section */

/* Begin PBXNativeTarget section */
		7419AEE420EF051F004CB0AD /* CFPicGame */ = {
			isa = PBXNativeTarget;
			buildConfigurationList = 7419AF1120EF0520004CB0AD /* Build configuration list for PBXNativeTarget "CFPicGame" */;
			buildPhases = (
				A154A7F4C7C412B588B29CFF /* [CP] Check Pods Manifest.lock */,
				7419AEE120EF051F004CB0AD /* Sources */,
				7419AEE220EF051F004CB0AD /* Frameworks */,
				7419AEE320EF051F004CB0AD /* Resources */,
				ED0E2EB8CF3C063058DA09ED /* [CP] Embed Pods Frameworks */,
				1E966D5FA8D09AE9730DDFC8 /* [CP] Copy Pods Resources */,
			);
			buildRules = (
			);
			dependencies = (
			);
			name = CFPicGame;
			productName = CFPicGame;
			productReference = 7419AEE520EF051F004CB0AD /* CFPicGame.app */;
			productType = "com.apple.product-type.application";
		};
		7419AEFC20EF0520004CB0AD /* CFPicGameTests */ = {
			isa = PBXNativeTarget;
			buildConfigurationList = 7419AF1420EF0520004CB0AD /* Build configuration list for PBXNativeTarget "CFPicGameTests" */;
			buildPhases = (
				077C0985C53EC3EB74A2C605 /* [CP] Check Pods Manifest.lock */,
				7419AEF920EF0520004CB0AD /* Sources */,
				7419AEFA20EF0520004CB0AD /* Frameworks */,
				7419AEFB20EF0520004CB0AD /* Resources */,
				94E801D7EF9DC18E8105D11C /* [CP] Embed Pods Frameworks */,
				436C201194B627C5F2313312 /* [CP] Copy Pods Resources */,
			);
			buildRules = (
			);
			dependencies = (
				7419AEFF20EF0520004CB0AD /* PBXTargetDependency */,
			);
			name = CFPicGameTests;
			productName = CFPicGameTests;
			productReference = 7419AEFD20EF0520004CB0AD /* CFPicGameTests.xctest */;
			productType = "com.apple.product-type.bundle.unit-test";
		};
		7419AF0720EF0520004CB0AD /* CFPicGameUITests */ = {
			isa = PBXNativeTarget;
			buildConfigurationList = 7419AF1720EF0520004CB0AD /* Build configuration list for PBXNativeTarget "CFPicGameUITests" */;
			buildPhases = (
				3993C969F1C1B1EACD96C1E7 /* [CP] Check Pods Manifest.lock */,
				7419AF0420EF0520004CB0AD /* Sources */,
				7419AF0520EF0520004CB0AD /* Frameworks */,
				7419AF0620EF0520004CB0AD /* Resources */,
				FE298E6FFB5B57DB120DC100 /* [CP] Embed Pods Frameworks */,
				063EFFA94291EA18AE165317 /* [CP] Copy Pods Resources */,
			);
			buildRules = (
			);
			dependencies = (
				7419AF0A20EF0520004CB0AD /* PBXTargetDependency */,
			);
			name = CFPicGameUITests;
			productName = CFPicGameUITests;
			productReference = 7419AF0820EF0520004CB0AD /* CFPicGameUITests.xctest */;
			productType = "com.apple.product-type.bundle.ui-testing";
		};
/* End PBXNativeTarget section */

/* Begin PBXProject section */
		7419AEDD20EF051F004CB0AD /* Project object */ = {
			isa = PBXProject;
			attributes = {
				LastUpgradeCheck = 0940;
				ORGANIZATIONNAME = chen;
				TargetAttributes = {
					7419AEE420EF051F004CB0AD = {
						CreatedOnToolsVersion = 9.4;
					};
					7419AEFC20EF0520004CB0AD = {
						CreatedOnToolsVersion = 9.4;
						TestTargetID = 7419AEE420EF051F004CB0AD;
					};
					7419AF0720EF0520004CB0AD = {
						CreatedOnToolsVersion = 9.4;
						TestTargetID = 7419AEE420EF051F004CB0AD;
					};
				};
			};
			buildConfigurationList = 7419AEE020EF051F004CB0AD /* Build configuration list for PBXProject "CFPicGame" */;
			compatibilityVersion = "Xcode 9.3";
			developmentRegion = en;
			hasScannedForEncodings = 0;
			knownRegions = (
				en,
				Base,
			);
			mainGroup = 7419AEDC20EF051F004CB0AD;
			productRefGroup = 7419AEE620EF051F004CB0AD /* Products */;
			projectDirPath = "";
			projectRoot = "";
			targets = (
				7419AEE420EF051F004CB0AD /* CFPicGame */,
				7419AEFC20EF0520004CB0AD /* CFPicGameTests */,
				7419AF0720EF0520004CB0AD /* CFPicGameUITests */,
			);
		};
/* End PBXProject section */

/* Begin PBXResourcesBuildPhase section */
		7419AEE320EF051F004CB0AD /* Resources */ = {
			isa = PBXResourcesBuildPhase;
			buildActionMask = 2147483647;
			files = (
				7419AEF520EF0520004CB0AD /* LaunchScreen.storyboard in Resources */,
				7419AEF220EF0520004CB0AD /* Assets.xcassets in Resources */,
				7419AEF020EF051F004CB0AD /* Main.storyboard in Resources */,
			);
			runOnlyForDeploymentPostprocessing = 0;
		};
		7419AEFB20EF0520004CB0AD /* Resources */ = {
			isa = PBXResourcesBuildPhase;
			buildActionMask = 2147483647;
			files = (
			);
			runOnlyForDeploymentPostprocessing = 0;
		};
		7419AF0620EF0520004CB0AD /* Resources */ = {
			isa = PBXResourcesBuildPhase;
			buildActionMask = 2147483647;
			files = (
			);
			runOnlyForDeploymentPostprocessing = 0;
		};
/* End PBXResourcesBuildPhase section */

/* Begin PBXShellScriptBuildPhase section */
		063EFFA94291EA18AE165317 /* [CP] Copy Pods Resources */ = {
			isa = PBXShellScriptBuildPhase;
			buildActionMask = 2147483647;
			files = (
			);
			inputPaths = (
			);
			name = "[CP] Copy Pods Resources";
			outputPaths = (
			);
			runOnlyForDeploymentPostprocessing = 0;
			shellPath = /bin/sh;
			shellScript = "\"${SRCROOT}/Pods/Target Support Files/Pods-CFPicGameUITests/Pods-CFPicGameUITests-resources.sh\"\n";
			showEnvVarsInLog = 0;
		};
		077C0985C53EC3EB74A2C605 /* [CP] Check Pods Manifest.lock */ = {
			isa = PBXShellScriptBuildPhase;
			buildActionMask = 2147483647;
			files = (
			);
			inputPaths = (
			);
			name = "[CP] Check Pods Manifest.lock";
			outputPaths = (
			);
			runOnlyForDeploymentPostprocessing = 0;
			shellPath = /bin/sh;
			shellScript = "diff \"${PODS_PODFILE_DIR_PATH}/Podfile.lock\" \"${PODS_ROOT}/Manifest.lock\" > /dev/null\nif [ $? != 0 ] ; then\n    # print error to STDERR\n    echo \"error: The sandbox is not in sync with the Podfile.lock. Run 'pod install' or update your CocoaPods installation.\" >&2\n    exit 1\nfi\n";
			showEnvVarsInLog = 0;
		};
		1E966D5FA8D09AE9730DDFC8 /* [CP] Copy Pods Resources */ = {
			isa = PBXShellScriptBuildPhase;
			buildActionMask = 2147483647;
			files = (
			);
			inputPaths = (
			);
			name = "[CP] Copy Pods Resources";
			outputPaths = (
			);
			runOnlyForDeploymentPostprocessing = 0;
			shellPath = /bin/sh;
			shellScript = "\"${SRCROOT}/Pods/Target Support Files/Pods-CFPicGame/Pods-CFPicGame-resources.sh\"\n";
			showEnvVarsInLog = 0;
		};
		3993C969F1C1B1EACD96C1E7 /* [CP] Check Pods Manifest.lock */ = {
			isa = PBXShellScriptBuildPhase;
			buildActionMask = 2147483647;
			files = (
			);
			inputPaths = (
			);
			name = "[CP] Check Pods Manifest.lock";
			outputPaths = (
			);
			runOnlyForDeploymentPostprocessing = 0;
			shellPath = /bin/sh;
			shellScript = "diff \"${PODS_PODFILE_DIR_PATH}/Podfile.lock\" \"${PODS_ROOT}/Manifest.lock\" > /dev/null\nif [ $? != 0 ] ; then\n    # print error to STDERR\n    echo \"error: The sandbox is not in sync with the Podfile.lock. Run 'pod install' or update your CocoaPods installation.\" >&2\n    exit 1\nfi\n";
			showEnvVarsInLog = 0;
		};
		436C201194B627C5F2313312 /* [CP] Copy Pods Resources */ = {
			isa = PBXShellScriptBuildPhase;
			buildActionMask = 2147483647;
			files = (
			);
			inputPaths = (
			);
			name = "[CP] Copy Pods Resources";
			outputPaths = (
			);
			runOnlyForDeploymentPostprocessing = 0;
			shellPath = /bin/sh;
			shellScript = "\"${SRCROOT}/Pods/Target Support Files/Pods-CFPicGameTests/Pods-CFPicGameTests-resources.sh\"\n";
			showEnvVarsInLog = 0;
		};
		94E801D7EF9DC18E8105D11C /* [CP] Embed Pods Frameworks */ = {
			isa = PBXShellScriptBuildPhase;
			buildActionMask = 2147483647;
			files = (
			);
			inputPaths = (
			);
			name = "[CP] Embed Pods Frameworks";
			outputPaths = (
			);
			runOnlyForDeploymentPostprocessing = 0;
			shellPath = /bin/sh;
			shellScript = "\"${SRCROOT}/Pods/Target Support Files/Pods-CFPicGameTests/Pods-CFPicGameTests-frameworks.sh\"\n";
			showEnvVarsInLog = 0;
		};
		A154A7F4C7C412B588B29CFF /* [CP] Check Pods Manifest.lock */ = {
			isa = PBXShellScriptBuildPhase;
			buildActionMask = 2147483647;
			files = (
			);
			inputPaths = (
			);
			name = "[CP] Check Pods Manifest.lock";
			outputPaths = (
			);
			runOnlyForDeploymentPostprocessing = 0;
			shellPath = /bin/sh;
			shellScript = "diff \"${PODS_PODFILE_DIR_PATH}/Podfile.lock\" \"${PODS_ROOT}/Manifest.lock\" > /dev/null\nif [ $? != 0 ] ; then\n    # print error to STDERR\n    echo \"error: The sandbox is not in sync with the Podfile.lock. Run 'pod install' or update your CocoaPods installation.\" >&2\n    exit 1\nfi\n";
			showEnvVarsInLog = 0;
		};
		ED0E2EB8CF3C063058DA09ED /* [CP] Embed Pods Frameworks */ = {
			isa = PBXShellScriptBuildPhase;
			buildActionMask = 2147483647;
			files = (
			);
			inputPaths = (
			);
			name = "[CP] Embed Pods Frameworks";
			outputPaths = (
			);
			runOnlyForDeploymentPostprocessing = 0;
			shellPath = /bin/sh;
			shellScript = "\"${SRCROOT}/Pods/Target Support Files/Pods-CFPicGame/Pods-CFPicGame-frameworks.sh\"\n";
			showEnvVarsInLog = 0;
		};
		FE298E6FFB5B57DB120DC100 /* [CP] Embed Pods Frameworks */ = {
			isa = PBXShellScriptBuildPhase;
			buildActionMask = 2147483647;
			files = (
			);
			inputPaths = (
			);
			name = "[CP] Embed Pods Frameworks";
			outputPaths = (
			);
			runOnlyForDeploymentPostprocessing = 0;
			shellPath = /bin/sh;
			shellScript = "\"${SRCROOT}/Pods/Target Support Files/Pods-CFPicGameUITests/Pods-CFPicGameUITests-frameworks.sh\"\n";
			showEnvVarsInLog = 0;
		};
/* End PBXShellScriptBuildPhase section */

/* Begin PBXSourcesBuildPhase section */
		7419AEE120EF051F004CB0AD /* Sources */ = {
			isa = PBXSourcesBuildPhase;
			buildActionMask = 2147483647;
			files = (
				7419AEF820EF0520004CB0AD /* main.m in Sources */,
				7419AEEA20EF051F004CB0AD /* AppDelegate.m in Sources */,
				7419AF1C20EF068C004CB0AD /* CFMainViewController.m in Sources */,
			);
			runOnlyForDeploymentPostprocessing = 0;
		};
		7419AEF920EF0520004CB0AD /* Sources */ = {
			isa = PBXSourcesBuildPhase;
			buildActionMask = 2147483647;
			files = (
				7419AF0220EF0520004CB0AD /* CFPicGameTests.m in Sources */,
			);
			runOnlyForDeploymentPostprocessing = 0;
		};
		7419AF0420EF0520004CB0AD /* Sources */ = {
			isa = PBXSourcesBuildPhase;
			buildActionMask = 2147483647;
			files = (
				7419AF0D20EF0520004CB0AD /* CFPicGameUITests.m in Sources */,
			);
			runOnlyForDeploymentPostprocessing = 0;
		};
/* End PBXSourcesBuildPhase section */

/* Begin PBXTargetDependency section */
		7419AEFF20EF0520004CB0AD /* PBXTargetDependency */ = {
			isa = PBXTargetDependency;
			target = 7419AEE420EF051F004CB0AD /* CFPicGame */;
			targetProxy = 7419AEFE20EF0520004CB0AD /* PBXContainerItemProxy */;
		};
		7419AF0A20EF0520004CB0AD /* PBXTargetDependency */ = {
			isa = PBXTargetDependency;
			target = 7419AEE420EF051F004CB0AD /* CFPicGame */;
			targetProxy = 7419AF0920EF0520004CB0AD /* PBXContainerItemProxy */;
		};
/* End PBXTargetDependency section */

/* Begin PBXVariantGroup section */
		7419AEEE20EF051F004CB0AD /* Main.storyboard */ = {
			isa = PBXVariantGroup;
			children = (
				7419AEEF20EF051F004CB0AD /* Base */,
			);
			name = Main.storyboard;
			sourceTree = "<group>";
		};
		7419AEF320EF0520004CB0AD /* LaunchScreen.storyboard */ = {
			isa = PBXVariantGroup;
			children = (
				7419AEF420EF0520004CB0AD /* Base */,
			);
			name = LaunchScreen.storyboard;
			sourceTree = "<group>";
		};
/* End PBXVariantGroup section */

/* Begin XCBuildConfiguration section */
		7419AF0F20EF0520004CB0AD /* Debug */ = {
			isa = XCBuildConfiguration;
			buildSettings = {
				ALWAYS_SEARCH_USER_PATHS = NO;
				CLANG_ANALYZER_NONNULL = YES;
				CLANG_ANALYZER_NUMBER_OBJECT_CONVERSION = YES_AGGRESSIVE;
				CLANG_CXX_LANGUAGE_STANDARD = "gnu++14";
				CLANG_CXX_LIBRARY = "libc++";
				CLANG_ENABLE_MODULES = YES;
				CLANG_ENABLE_OBJC_ARC = YES;
				CLANG_ENABLE_OBJC_WEAK = YES;
				CLANG_WARN_BLOCK_CAPTURE_AUTORELEASING = YES;
				CLANG_WARN_BOOL_CONVERSION = YES;
				CLANG_WARN_COMMA = YES;
				CLANG_WARN_CONSTANT_CONVERSION = YES;
				CLANG_WARN_DEPRECATED_OBJC_IMPLEMENTATIONS = YES;
				CLANG_WARN_DIRECT_OBJC_ISA_USAGE = YES_ERROR;
				CLANG_WARN_DOCUMENTATION_COMMENTS = YES;
				CLANG_WARN_EMPTY_BODY = YES;
				CLANG_WARN_ENUM_CONVERSION = YES;
				CLANG_WARN_INFINITE_RECURSION = YES;
				CLANG_WARN_INT_CONVERSION = YES;
				CLANG_WARN_NON_LITERAL_NULL_CONVERSION = YES;
				CLANG_WARN_OBJC_IMPLICIT_RETAIN_SELF = YES;
				CLANG_WARN_OBJC_LITERAL_CONVERSION = YES;
				CLANG_WARN_OBJC_ROOT_CLASS = YES_ERROR;
				CLANG_WARN_RANGE_LOOP_ANALYSIS = YES;
				CLANG_WARN_STRICT_PROTOTYPES = YES;
				CLANG_WARN_SUSPICIOUS_MOVE = YES;
				CLANG_WARN_UNGUARDED_AVAILABILITY = YES_AGGRESSIVE;
				CLANG_WARN_UNREACHABLE_CODE = YES;
				CLANG_WARN__DUPLICATE_METHOD_MATCH = YES;
				CODE_SIGN_IDENTITY = "iPhone Developer";
				COPY_PHASE_STRIP = NO;
				DEBUG_INFORMATION_FORMAT = dwarf;
				ENABLE_STRICT_OBJC_MSGSEND = YES;
				ENABLE_TESTABILITY = YES;
				GCC_C_LANGUAGE_STANDARD = gnu11;
				GCC_DYNAMIC_NO_PIC = NO;
				GCC_NO_COMMON_BLOCKS = YES;
				GCC_OPTIMIZATION_LEVEL = 0;
				GCC_PREPROCESSOR_DEFINITIONS = (
					"DEBUG=1",
					"$(inherited)",
				);
				GCC_WARN_64_TO_32_BIT_CONVERSION = YES;
				GCC_WARN_ABOUT_RETURN_TYPE = YES_ERROR;
				GCC_WARN_UNDECLARED_SELECTOR = YES;
				GCC_WARN_UNINITIALIZED_AUTOS = YES_AGGRESSIVE;
				GCC_WARN_UNUSED_FUNCTION = YES;
				GCC_WARN_UNUSED_VARIABLE = YES;
				IPHONEOS_DEPLOYMENT_TARGET = 11.4;
				MTL_ENABLE_DEBUG_INFO = YES;
				ONLY_ACTIVE_ARCH = YES;
				SDKROOT = iphoneos;
			};
			name = Debug;
		};
		7419AF1020EF0520004CB0AD /* Release */ = {
			isa = XCBuildConfiguration;
			buildSettings = {
				ALWAYS_SEARCH_USER_PATHS = NO;
				CLANG_ANALYZER_NONNULL = YES;
				CLANG_ANALYZER_NUMBER_OBJECT_CONVERSION = YES_AGGRESSIVE;
				CLANG_CXX_LANGUAGE_STANDARD = "gnu++14";
				CLANG_CXX_LIBRARY = "libc++";
				CLANG_ENABLE_MODULES = YES;
				CLANG_ENABLE_OBJC_ARC = YES;
				CLANG_ENABLE_OBJC_WEAK = YES;
				CLANG_WARN_BLOCK_CAPTURE_AUTORELEASING = YES;
				CLANG_WARN_BOOL_CONVERSION = YES;
				CLANG_WARN_COMMA = YES;
				CLANG_WARN_CONSTANT_CONVERSION = YES;
				CLANG_WARN_DEPRECATED_OBJC_IMPLEMENTATIONS = YES;
				CLANG_WARN_DIRECT_OBJC_ISA_USAGE = YES_ERROR;
				CLANG_WARN_DOCUMENTATION_COMMENTS = YES;
				CLANG_WARN_EMPTY_BODY = YES;
				CLANG_WARN_ENUM_CONVERSION = YES;
				CLANG_WARN_INFINITE_RECURSION = YES;
				CLANG_WARN_INT_CONVERSION = YES;
				CLANG_WARN_NON_LITERAL_NULL_CONVERSION = YES;
				CLANG_WARN_OBJC_IMPLICIT_RETAIN_SELF = YES;
				CLANG_WARN_OBJC_LITERAL_CONVERSION = YES;
				CLANG_WARN_OBJC_ROOT_CLASS = YES_ERROR;
				CLANG_WARN_RANGE_LOOP_ANALYSIS = YES;
				CLANG_WARN_STRICT_PROTOTYPES = YES;
				CLANG_WARN_SUSPICIOUS_MOVE = YES;
				CLANG_WARN_UNGUARDED_AVAILABILITY = YES_AGGRESSIVE;
				CLANG_WARN_UNREACHABLE_CODE = YES;
				CLANG_WARN__DUPLICATE_METHOD_MATCH = YES;
				CODE_SIGN_IDENTITY = "iPhone Developer";
				COPY_PHASE_STRIP = NO;
				DEBUG_INFORMATION_FORMAT = "dwarf-with-dsym";
				ENABLE_NS_ASSERTIONS = NO;
				ENABLE_STRICT_OBJC_MSGSEND = YES;
				GCC_C_LANGUAGE_STANDARD = gnu11;
				GCC_NO_COMMON_BLOCKS = YES;
				GCC_WARN_64_TO_32_BIT_CONVERSION = YES;
				GCC_WARN_ABOUT_RETURN_TYPE = YES_ERROR;
				GCC_WARN_UNDECLARED_SELECTOR = YES;
				GCC_WARN_UNINITIALIZED_AUTOS = YES_AGGRESSIVE;
				GCC_WARN_UNUSED_FUNCTION = YES;
				GCC_WARN_UNUSED_VARIABLE = YES;
				IPHONEOS_DEPLOYMENT_TARGET = 11.4;
				MTL_ENABLE_DEBUG_INFO = NO;
				SDKROOT = iphoneos;
				VALIDATE_PRODUCT = YES;
			};
			name = Release;
		};
		7419AF1220EF0520004CB0AD /* Debug */ = {
			isa = XCBuildConfiguration;
			baseConfigurationReference = 3894A85F1FF50552657EC45D /* Pods-CFPicGame.debug.xcconfig */;
			buildSettings = {
				ASSETCATALOG_COMPILER_APPICON_NAME = AppIcon;
				CODE_SIGN_STYLE = Automatic;
				INFOPLIST_FILE = CFPicGame/Info.plist;
				LD_RUNPATH_SEARCH_PATHS = "$(inherited) @executable_path/Frameworks";
				PRODUCT_BUNDLE_IDENTIFIER = com.syswon.com.CFPicGame;
				PRODUCT_NAME = "$(TARGET_NAME)";
				TARGETED_DEVICE_FAMILY = "1,2";
			};
			name = Debug;
		};
		7419AF1320EF0520004CB0AD /* Release */ = {
			isa = XCBuildConfiguration;
			baseConfigurationReference = A6E11711EA07FF45EFDB4078 /* Pods-CFPicGame.release.xcconfig */;
			buildSettings = {
				ASSETCATALOG_COMPILER_APPICON_NAME = AppIcon;
				CODE_SIGN_STYLE = Automatic;
				INFOPLIST_FILE = CFPicGame/Info.plist;
				LD_RUNPATH_SEARCH_PATHS = "$(inherited) @executable_path/Frameworks";
				PRODUCT_BUNDLE_IDENTIFIER = com.syswon.com.CFPicGame;
				PRODUCT_NAME = "$(TARGET_NAME)";
				TARGETED_DEVICE_FAMILY = "1,2";
			};
			name = Release;
		};
		7419AF1520EF0520004CB0AD /* Debug */ = {
			isa = XCBuildConfiguration;
			baseConfigurationReference = CD54FDCCA69DA8BE28788E7E /* Pods-CFPicGameTests.debug.xcconfig */;
			buildSettings = {
				BUNDLE_LOADER = "$(TEST_HOST)";
				CODE_SIGN_STYLE = Automatic;
				INFOPLIST_FILE = CFPicGameTests/Info.plist;
				LD_RUNPATH_SEARCH_PATHS = "$(inherited) @executable_path/Frameworks @loader_path/Frameworks";
				PRODUCT_BUNDLE_IDENTIFIER = com.syswon.com.CFPicGameTests;
				PRODUCT_NAME = "$(TARGET_NAME)";
				TARGETED_DEVICE_FAMILY = "1,2";
				TEST_HOST = "$(BUILT_PRODUCTS_DIR)/CFPicGame.app/CFPicGame";
			};
			name = Debug;
		};
		7419AF1620EF0520004CB0AD /* Release */ = {
			isa = XCBuildConfiguration;
			baseConfigurationReference = AD87AF0AB8E5D184B5DF0AC1 /* Pods-CFPicGameTests.release.xcconfig */;
			buildSettings = {
				BUNDLE_LOADER = "$(TEST_HOST)";
				CODE_SIGN_STYLE = Automatic;
				INFOPLIST_FILE = CFPicGameTests/Info.plist;
				LD_RUNPATH_SEARCH_PATHS = "$(inherited) @executable_path/Frameworks @loader_path/Frameworks";
				PRODUCT_BUNDLE_IDENTIFIER = com.syswon.com.CFPicGameTests;
				PRODUCT_NAME = "$(TARGET_NAME)";
				TARGETED_DEVICE_FAMILY = "1,2";
				TEST_HOST = "$(BUILT_PRODUCTS_DIR)/CFPicGame.app/CFPicGame";
			};
			name = Release;
		};
		7419AF1820EF0520004CB0AD /* Debug */ = {
			isa = XCBuildConfiguration;
			baseConfigurationReference = 6F605CC1DF314741C9BBE56D /* Pods-CFPicGameUITests.debug.xcconfig */;
			buildSettings = {
				CODE_SIGN_STYLE = Automatic;
				INFOPLIST_FILE = CFPicGameUITests/Info.plist;
				LD_RUNPATH_SEARCH_PATHS = "$(inherited) @executable_path/Frameworks @loader_path/Frameworks";
				PRODUCT_BUNDLE_IDENTIFIER = com.syswon.com.CFPicGameUITests;
				PRODUCT_NAME = "$(TARGET_NAME)";
				TARGETED_DEVICE_FAMILY = "1,2";
				TEST_TARGET_NAME = CFPicGame;
			};
			name = Debug;
		};
		7419AF1920EF0520004CB0AD /* Release */ = {
			isa = XCBuildConfiguration;
			baseConfigurationReference = 2F4D8EBDBE3B6D28511C5AC8 /* Pods-CFPicGameUITests.release.xcconfig */;
			buildSettings = {
				CODE_SIGN_STYLE = Automatic;
				INFOPLIST_FILE = CFPicGameUITests/Info.plist;
				LD_RUNPATH_SEARCH_PATHS = "$(inherited) @executable_path/Frameworks @loader_path/Frameworks";
				PRODUCT_BUNDLE_IDENTIFIER = com.syswon.com.CFPicGameUITests;
				PRODUCT_NAME = "$(TARGET_NAME)";
				TARGETED_DEVICE_FAMILY = "1,2";
				TEST_TARGET_NAME = CFPicGame;
			};
			name = Release;
		};
/* End XCBuildConfiguration section */

/* Begin XCConfigurationList section */
		7419AEE020EF051F004CB0AD /* Build configuration list for PBXProject "CFPicGame" */ = {
			isa = XCConfigurationList;
			buildConfigurations = (
				7419AF0F20EF0520004CB0AD /* Debug */,
				7419AF1020EF0520004CB0AD /* Release */,
			);
			defaultConfigurationIsVisible = 0;
			defaultConfigurationName = Release;
		};
		7419AF1120EF0520004CB0AD /* Build configuration list for PBXNativeTarget "CFPicGame" */ = {
			isa = XCConfigurationList;
			buildConfigurations = (
				7419AF1220EF0520004CB0AD /* Debug */,
				7419AF1320EF0520004CB0AD /* Release */,
			);
			defaultConfigurationIsVisible = 0;
			defaultConfigurationName = Release;
		};
		7419AF1420EF0520004CB0AD /* Build configuration list for PBXNativeTarget "CFPicGameTests" */ = {
			isa = XCConfigurationList;
			buildConfigurations = (
				7419AF1520EF0520004CB0AD /* Debug */,
				7419AF1620EF0520004CB0AD /* Release */,
			);
			defaultConfigurationIsVisible = 0;
			defaultConfigurationName = Release;
		};
		7419AF1720EF0520004CB0AD /* Build configuration list for PBXNativeTarget "CFPicGameUITests" */ = {
			isa = XCConfigurationList;
			buildConfigurations = (
				7419AF1820EF0520004CB0AD /* Debug */,
				7419AF1920EF0520004CB0AD /* Release */,
			);
			defaultConfigurationIsVisible = 0;
			defaultConfigurationName = Release;
		};
/* End XCConfigurationList section */
	};
	rootObject = 7419AEDD20EF051F004CB0AD /* Project object */;
}
